// !$*UTF8*$!
{
	archiveVersion = 1;
	classes = {
	};
	objectVersion = 50;
	objects = {

/* Begin PBXBuildFile section */
		31FF7A6726B28A7500379C13 /* AppDelegate.swift in Sources */ = {isa = PBXBuildFile; fileRef = 31FF7A6626B28A7500379C13 /* AppDelegate.swift */; };
		31FF7A6926B28A7500379C13 /* SceneDelegate.swift in Sources */ = {isa = PBXBuildFile; fileRef = 31FF7A6826B28A7500379C13 /* SceneDelegate.swift */; };
		31FF7A6B26B28A7500379C13 /* ViewController.swift in Sources */ = {isa = PBXBuildFile; fileRef = 31FF7A6A26B28A7500379C13 /* ViewController.swift */; };
		31FF7A6E26B28A7500379C13 /* Main.storyboard in Resources */ = {isa = PBXBuildFile; fileRef = 31FF7A6C26B28A7500379C13 /* Main.storyboard */; };
		31FF7A7026B28A7500379C13 /* Assets.xcassets in Resources */ = {isa = PBXBuildFile; fileRef = 31FF7A6F26B28A7500379C13 /* Assets.xcassets */; };
		31FF7A7326B28A7500379C13 /* LaunchScreen.storyboard in Resources */ = {isa = PBXBuildFile; fileRef = 31FF7A7126B28A7500379C13 /* LaunchScreen.storyboard */; };
		31FF7A7E26B28A7600379C13 /* GenericSampleTests.swift in Sources */ = {isa = PBXBuildFile; fileRef = 31FF7A7D26B28A7600379C13 /* GenericSampleTests.swift */; };
		31FF7A8926B28A7600379C13 /* GenericSampleUITests.swift in Sources */ = {isa = PBXBuildFile; fileRef = 31FF7A8826B28A7600379C13 /* GenericSampleUITests.swift */; };
/* End PBXBuildFile section */

/* Begin PBXContainerItemProxy section */
		31FF7A7A26B28A7600379C13 /* PBXContainerItemProxy */ = {
			isa = PBXContainerItemProxy;
			containerPortal = 31FF7A5B26B28A7500379C13 /* Project object */;
			proxyType = 1;
			remoteGlobalIDString = 31FF7A6226B28A7500379C13;
			remoteInfo = GenericSample;
		};
		31FF7A8526B28A7600379C13 /* PBXContainerItemProxy */ = {
			isa = PBXContainerItemProxy;
			containerPortal = 31FF7A5B26B28A7500379C13 /* Project object */;
			proxyType = 1;
			remoteGlobalIDString = 31FF7A6226B28A7500379C13;
			remoteInfo = GenericSample;
		};
/* End PBXContainerItemProxy section */

/* Begin PBXFileReference section */
		31FF7A6326B28A7500379C13 /* GenericSample.app */ = {isa = PBXFileReference; explicitFileType = wrapper.application; includeInIndex = 0; path = GenericSample.app; sourceTree = BUILT_PRODUCTS_DIR; };
		31FF7A6626B28A7500379C13 /* AppDelegate.swift */ = {isa = PBXFileReference; lastKnownFileType = sourcecode.swift; path = AppDelegate.swift; sourceTree = "<group>"; };
		31FF7A6826B28A7500379C13 /* SceneDelegate.swift */ = {isa = PBXFileReference; lastKnownFileType = sourcecode.swift; path = SceneDelegate.swift; sourceTree = "<group>"; };
		31FF7A6A26B28A7500379C13 /* ViewController.swift */ = {isa = PBXFileReference; lastKnownFileType = sourcecode.swift; path = ViewController.swift; sourceTree = "<group>"; };
		31FF7A6D26B28A7500379C13 /* Base */ = {isa = PBXFileReference; lastKnownFileType = file.storyboard; name = Base; path = Base.lproj/Main.storyboard; sourceTree = "<group>"; };
		31FF7A6F26B28A7500379C13 /* Assets.xcassets */ = {isa = PBXFileReference; lastKnownFileType = folder.assetcatalog; path = Assets.xcassets; sourceTree = "<group>"; };
		31FF7A7226B28A7500379C13 /* Base */ = {isa = PBXFileReference; lastKnownFileType = file.storyboard; name = Base; path = Base.lproj/LaunchScreen.storyboard; sourceTree = "<group>"; };
		31FF7A7426B28A7500379C13 /* Info.plist */ = {isa = PBXFileReference; lastKnownFileType = text.plist.xml; path = Info.plist; sourceTree = "<group>"; };
		31FF7A7926B28A7600379C13 /* GenericSampleTests.xctest */ = {isa = PBXFileReference; explicitFileType = wrapper.cfbundle; includeInIndex = 0; path = GenericSampleTests.xctest; sourceTree = BUILT_PRODUCTS_DIR; };
		31FF7A7D26B28A7600379C13 /* GenericSampleTests.swift */ = {isa = PBXFileReference; lastKnownFileType = sourcecode.swift; path = GenericSampleTests.swift; sourceTree = "<group>"; };
		31FF7A7F26B28A7600379C13 /* Info.plist */ = {isa = PBXFileReference; lastKnownFileType = text.plist.xml; path = Info.plist; sourceTree = "<group>"; };
		31FF7A8426B28A7600379C13 /* GenericSampleUITests.xctest */ = {isa = PBXFileReference; explicitFileType = wrapper.cfbundle; includeInIndex = 0; path = GenericSampleUITests.xctest; sourceTree = BUILT_PRODUCTS_DIR; };
		31FF7A8826B28A7600379C13 /* GenericSampleUITests.swift */ = {isa = PBXFileReference; lastKnownFileType = sourcecode.swift; path = GenericSampleUITests.swift; sourceTree = "<group>"; };
		31FF7A8A26B28A7600379C13 /* Info.plist */ = {isa = PBXFileReference; lastKnownFileType = text.plist.xml; path = Info.plist; sourceTree = "<group>"; };
/* End PBXFileReference section */

/* Begin PBXFrameworksBuildPhase section */
		31FF7A6026B28A7500379C13 /* Frameworks */ = {
			isa = PBXFrameworksBuildPhase;
			buildActionMask = 2147483647;
			files = (
			);
			runOnlyForDeploymentPostprocessing = 0;
		};
		31FF7A7626B28A7600379C13 /* Frameworks */ = {
			isa = PBXFrameworksBuildPhase;
			buildActionMask = 2147483647;
			files = (
			);
			runOnlyForDeploymentPostprocessing = 0;
		};
		31FF7A8126B28A7600379C13 /* Frameworks */ = {
			isa = PBXFrameworksBuildPhase;
			buildActionMask = 2147483647;
			files = (
			);
			runOnlyForDeploymentPostprocessing = 0;
		};
/* End PBXFrameworksBuildPhase section */

/* Begin PBXGroup section */
		31FF7A5A26B28A7500379C13 = {
			isa = PBXGroup;
			children = (
				31FF7A6526B28A7500379C13 /* GenericSample */,
				31FF7A7C26B28A7600379C13 /* GenericSampleTests */,
				31FF7A8726B28A7600379C13 /* GenericSampleUITests */,
				31FF7A6426B28A7500379C13 /* Products */,
			);
			sourceTree = "<group>";
		};
		31FF7A6426B28A7500379C13 /* Products */ = {
			isa = PBXGroup;
			children = (
				31FF7A6326B28A7500379C13 /* GenericSample.app */,
				31FF7A7926B28A7600379C13 /* GenericSampleTests.xctest */,
				31FF7A8426B28A7600379C13 /* GenericSampleUITests.xctest */,
			);
			name = Products;
			sourceTree = "<group>";
		};
		31FF7A6526B28A7500379C13 /* GenericSample */ = {
			isa = PBXGroup;
			children = (
				31FF7A6626B28A7500379C13 /* AppDelegate.swift */,
				31FF7A6826B28A7500379C13 /* SceneDelegate.swift */,
				31FF7A6A26B28A7500379C13 /* ViewController.swift */,
				31FF7A6C26B28A7500379C13 /* Main.storyboard */,
				31FF7A6F26B28A7500379C13 /* Assets.xcassets */,
				31FF7A7126B28A7500379C13 /* LaunchScreen.storyboard */,
				31FF7A7426B28A7500379C13 /* Info.plist */,
			);
			path = GenericSample;
			sourceTree = "<group>";
		};
		31FF7A7C26B28A7600379C13 /* GenericSampleTests */ = {
			isa = PBXGroup;
			children = (
				31FF7A7D26B28A7600379C13 /* GenericSampleTests.swift */,
				31FF7A7F26B28A7600379C13 /* Info.plist */,
			);
			path = GenericSampleTests;
			sourceTree = "<group>";
		};
		31FF7A8726B28A7600379C13 /* GenericSampleUITests */ = {
			isa = PBXGroup;
			children = (
				31FF7A8826B28A7600379C13 /* GenericSampleUITests.swift */,
				31FF7A8A26B28A7600379C13 /* Info.plist */,
			);
			path = GenericSampleUITests;
			sourceTree = "<group>";
		};
/* End PBXGroup section */

/* Begin PBXNativeTarget section */
		31FF7A6226B28A7500379C13 /* GenericSample */ = {
			isa = PBXNativeTarget;
			buildConfigurationList = 31FF7A8D26B28A7600379C13 /* Build configuration list for PBXNativeTarget "GenericSample" */;
			buildPhases = (
				31FF7A5F26B28A7500379C13 /* Sources */,
				31FF7A6026B28A7500379C13 /* Frameworks */,
				31FF7A6126B28A7500379C13 /* Resources */,
			);
			buildRules = (
			);
			dependencies = (
			);
			name = GenericSample;
			productName = GenericSample;
			productReference = 31FF7A6326B28A7500379C13 /* GenericSample.app */;
			productType = "com.apple.product-type.application";
		};
		31FF7A7826B28A7600379C13 /* GenericSampleTests */ = {
			isa = PBXNativeTarget;
			buildConfigurationList = 31FF7A9026B28A7600379C13 /* Build configuration list for PBXNativeTarget "GenericSampleTests" */;
			buildPhases = (
				31FF7A7526B28A7600379C13 /* Sources */,
				31FF7A7626B28A7600379C13 /* Frameworks */,
				31FF7A7726B28A7600379C13 /* Resources */,
			);
			buildRules = (
			);
			dependencies = (
				31FF7A7B26B28A7600379C13 /* PBXTargetDependency */,
			);
			name = GenericSampleTests;
			productName = GenericSampleTests;
			productReference = 31FF7A7926B28A7600379C13 /* GenericSampleTests.xctest */;
			productType = "com.apple.product-type.bundle.unit-test";
		};
		31FF7A8326B28A7600379C13 /* GenericSampleUITests */ = {
			isa = PBXNativeTarget;
			buildConfigurationList = 31FF7A9326B28A7600379C13 /* Build configuration list for PBXNativeTarget "GenericSampleUITests" */;
			buildPhases = (
				31FF7A8026B28A7600379C13 /* Sources */,
				31FF7A8126B28A7600379C13 /* Frameworks */,
				31FF7A8226B28A7600379C13 /* Resources */,
			);
			buildRules = (
			);
			dependencies = (
				31FF7A8626B28A7600379C13 /* PBXTargetDependency */,
			);
			name = GenericSampleUITests;
			productName = GenericSampleUITests;
			productReference = 31FF7A8426B28A7600379C13 /* GenericSampleUITests.xctest */;
			productType = "com.apple.product-type.bundle.ui-testing";
		};
/* End PBXNativeTarget section */

/* Begin PBXProject section */
		31FF7A5B26B28A7500379C13 /* Project object */ = {
			isa = PBXProject;
			attributes = {
				LastSwiftUpdateCheck = 1250;
				LastUpgradeCheck = 1250;
				TargetAttributes = {
					31FF7A6226B28A7500379C13 = {
						CreatedOnToolsVersion = 12.5.1;
					};
					31FF7A7826B28A7600379C13 = {
						CreatedOnToolsVersion = 12.5.1;
						TestTargetID = 31FF7A6226B28A7500379C13;
					};
					31FF7A8326B28A7600379C13 = {
						CreatedOnToolsVersion = 12.5.1;
						TestTargetID = 31FF7A6226B28A7500379C13;
					};
				};
			};
			buildConfigurationList = 31FF7A5E26B28A7500379C13 /* Build configuration list for PBXProject "GenericSample" */;
			compatibilityVersion = "Xcode 9.3";
			developmentRegion = en;
			hasScannedForEncodings = 0;
			knownRegions = (
				en,
				Base,
			);
			mainGroup = 31FF7A5A26B28A7500379C13;
			productRefGroup = 31FF7A6426B28A7500379C13 /* Products */;
			projectDirPath = "";
			projectRoot = "";
			targets = (
				31FF7A6226B28A7500379C13 /* GenericSample */,
				31FF7A7826B28A7600379C13 /* GenericSampleTests */,
				31FF7A8326B28A7600379C13 /* GenericSampleUITests */,
			);
		};
/* End PBXProject section */

/* Begin PBXResourcesBuildPhase section */
		31FF7A6126B28A7500379C13 /* Resources */ = {
			isa = PBXResourcesBuildPhase;
			buildActionMask = 2147483647;
			files = (
				31FF7A7326B28A7500379C13 /* LaunchScreen.storyboard in Resources */,
				31FF7A7026B28A7500379C13 /* Assets.xcassets in Resources */,
				31FF7A6E26B28A7500379C13 /* Main.storyboard in Resources */,
			);
			runOnlyForDeploymentPostprocessing = 0;
		};
		31FF7A7726B28A7600379C13 /* Resources */ = {
			isa = PBXResourcesBuildPhase;
			buildActionMask = 2147483647;
			files = (
			);
			runOnlyForDeploymentPostprocessing = 0;
		};
		31FF7A8226B28A7600379C13 /* Resources */ = {
			isa = PBXResourcesBuildPhase;
			buildActionMask = 2147483647;
			files = (
			);
			runOnlyForDeploymentPostprocessing = 0;
		};
/* End PBXResourcesBuildPhase section */

/* Begin PBXSourcesBuildPhase section */
		31FF7A5F26B28A7500379C13 /* Sources */ = {
			isa = PBXSourcesBuildPhase;
			buildActionMask = 2147483647;
			files = (
				31FF7A6B26B28A7500379C13 /* ViewController.swift in Sources */,
				31FF7A6726B28A7500379C13 /* AppDelegate.swift in Sources */,
				31FF7A6926B28A7500379C13 /* SceneDelegate.swift in Sources */,
			);
			runOnlyForDeploymentPostprocessing = 0;
		};
		31FF7A7526B28A7600379C13 /* Sources */ = {
			isa = PBXSourcesBuildPhase;
			buildActionMask = 2147483647;
			files = (
				31FF7A7E26B28A7600379C13 /* GenericSampleTests.swift in Sources */,
			);
			runOnlyForDeploymentPostprocessing = 0;
		};
		31FF7A8026B28A7600379C13 /* Sources */ = {
			isa = PBXSourcesBuildPhase;
			buildActionMask = 2147483647;
			files = (
				31FF7A8926B28A7600379C13 /* GenericSampleUITests.swift in Sources */,
			);
			runOnlyForDeploymentPostprocessing = 0;
		};
/* End PBXSourcesBuildPhase section */

/* Begin PBXTargetDependency section */
		31FF7A7B26B28A7600379C13 /* PBXTargetDependency */ = {
			isa = PBXTargetDependency;
			target = 31FF7A6226B28A7500379C13 /* GenericSample */;
			targetProxy = 31FF7A7A26B28A7600379C13 /* PBXContainerItemProxy */;
		};
		31FF7A8626B28A7600379C13 /* PBXTargetDependency */ = {
			isa = PBXTargetDependency;
			target = 31FF7A6226B28A7500379C13 /* GenericSample */;
			targetProxy = 31FF7A8526B28A7600379C13 /* PBXContainerItemProxy */;
		};
/* End PBXTargetDependency section */

/* Begin PBXVariantGroup section */
		31FF7A6C26B28A7500379C13 /* Main.storyboard */ = {
			isa = PBXVariantGroup;
			children = (
				31FF7A6D26B28A7500379C13 /* Base */,
			);
			name = Main.storyboard;
			sourceTree = "<group>";
		};
		31FF7A7126B28A7500379C13 /* LaunchScreen.storyboard */ = {
			isa = PBXVariantGroup;
			children = (
				31FF7A7226B28A7500379C13 /* Base */,
			);
			name = LaunchScreen.storyboard;
			sourceTree = "<group>";
		};
/* End PBXVariantGroup section */

/* Begin XCBuildConfiguration section */
		31FF7A8B26B28A7600379C13 /* Debug */ = {
			isa = XCBuildConfiguration;
			buildSettings = {
				ALWAYS_SEARCH_USER_PATHS = NO;
				CLANG_ANALYZER_NONNULL = YES;
				CLANG_ANALYZER_NUMBER_OBJECT_CONVERSION = YES_AGGRESSIVE;
				CLANG_CXX_LANGUAGE_STANDARD = "gnu++14";
				CLANG_CXX_LIBRARY = "libc++";
				CLANG_ENABLE_MODULES = YES;
				CLANG_ENABLE_OBJC_ARC = YES;
				CLANG_ENABLE_OBJC_WEAK = YES;
				CLANG_WARN_BLOCK_CAPTURE_AUTORELEASING = YES;
				CLANG_WARN_BOOL_CONVERSION = YES;
				CLANG_WARN_COMMA = YES;
				CLANG_WARN_CONSTANT_CONVERSION = YES;
				CLANG_WARN_DEPRECATED_OBJC_IMPLEMENTATIONS = YES;
				CLANG_WARN_DIRECT_OBJC_ISA_USAGE = YES_ERROR;
				CLANG_WARN_DOCUMENTATION_COMMENTS = YES;
				CLANG_WARN_EMPTY_BODY = YES;
				CLANG_WARN_ENUM_CONVERSION = YES;
				CLANG_WARN_INFINITE_RECURSION = YES;
				CLANG_WARN_INT_CONVERSION = YES;
				CLANG_WARN_NON_LITERAL_NULL_CONVERSION = YES;
				CLANG_WARN_OBJC_IMPLICIT_RETAIN_SELF = YES;
				CLANG_WARN_OBJC_LITERAL_CONVERSION = YES;
				CLANG_WARN_OBJC_ROOT_CLASS = YES_ERROR;
				CLANG_WARN_QUOTED_INCLUDE_IN_FRAMEWORK_HEADER = YES;
				CLANG_WARN_RANGE_LOOP_ANALYSIS = YES;
				CLANG_WARN_STRICT_PROTOTYPES = YES;
				CLANG_WARN_SUSPICIOUS_MOVE = YES;
				CLANG_WARN_UNGUARDED_AVAILABILITY = YES_AGGRESSIVE;
				CLANG_WARN_UNREACHABLE_CODE = YES;
				CLANG_WARN__DUPLICATE_METHOD_MATCH = YES;
				COPY_PHASE_STRIP = NO;
				DEBUG_INFORMATION_FORMAT = dwarf;
				ENABLE_STRICT_OBJC_MSGSEND = YES;
				ENABLE_TESTABILITY = YES;
				GCC_C_LANGUAGE_STANDARD = gnu11;
				GCC_DYNAMIC_NO_PIC = NO;
				GCC_NO_COMMON_BLOCKS = YES;
				GCC_OPTIMIZATION_LEVEL = 0;
				GCC_PREPROCESSOR_DEFINITIONS = (
					"DEBUG=1",
					"$(inherited)",
				);
				GCC_WARN_64_TO_32_BIT_CONVERSION = YES;
				GCC_WARN_ABOUT_RETURN_TYPE = YES_ERROR;
				GCC_WARN_UNDECLARED_SELECTOR = YES;
				GCC_WARN_UNINITIALIZED_AUTOS = YES_AGGRESSIVE;
				GCC_WARN_UNUSED_FUNCTION = YES;
				GCC_WARN_UNUSED_VARIABLE = YES;
				IPHONEOS_DEPLOYMENT_TARGET = 14.5;
				MTL_ENABLE_DEBUG_INFO = INCLUDE_SOURCE;
				MTL_FAST_MATH = YES;
				ONLY_ACTIVE_ARCH = YES;
				SDKROOT = iphoneos;
				SWIFT_ACTIVE_COMPILATION_CONDITIONS = DEBUG;
				SWIFT_OPTIMIZATION_LEVEL = "-Onone";
			};
			name = Debug;
		};
		31FF7A8C26B28A7600379C13 /* Release */ = {
			isa = XCBuildConfiguration;
			buildSettings = {
				ALWAYS_SEARCH_USER_PATHS = NO;
				CLANG_ANALYZER_NONNULL = YES;
				CLANG_ANALYZER_NUMBER_OBJECT_CONVERSION = YES_AGGRESSIVE;
				CLANG_CXX_LANGUAGE_STANDARD = "gnu++14";
				CLANG_CXX_LIBRARY = "libc++";
				CLANG_ENABLE_MODULES = YES;
				CLANG_ENABLE_OBJC_ARC = YES;
				CLANG_ENABLE_OBJC_WEAK = YES;
				CLANG_WARN_BLOCK_CAPTURE_AUTORELEASING = YES;
				CLANG_WARN_BOOL_CONVERSION = YES;
				CLANG_WARN_COMMA = YES;
				CLANG_WARN_CONSTANT_CONVERSION = YES;
				CLANG_WARN_DEPRECATED_OBJC_IMPLEMENTATIONS = YES;
				CLANG_WARN_DIRECT_OBJC_ISA_USAGE = YES_ERROR;
				CLANG_WARN_DOCUMENTATION_COMMENTS = YES;
				CLANG_WARN_EMPTY_BODY = YES;
				CLANG_WARN_ENUM_CONVERSION = YES;
				CLANG_WARN_INFINITE_RECURSION = YES;
				CLANG_WARN_INT_CONVERSION = YES;
				CLANG_WARN_NON_LITERAL_NULL_CONVERSION = YES;
				CLANG_WARN_OBJC_IMPLICIT_RETAIN_SELF = YES;
				CLANG_WARN_OBJC_LITERAL_CONVERSION = YES;
				CLANG_WARN_OBJC_ROOT_CLASS = YES_ERROR;
				CLANG_WARN_QUOTED_INCLUDE_IN_FRAMEWORK_HEADER = YES;
				CLANG_WARN_RANGE_LOOP_ANALYSIS = YES;
				CLANG_WARN_STRICT_PROTOTYPES = YES;
				CLANG_WARN_SUSPICIOUS_MOVE = YES;
				CLANG_WARN_UNGUARDED_AVAILABILITY = YES_AGGRESSIVE;
				CLANG_WARN_UNREACHABLE_CODE = YES;
				CLANG_WARN__DUPLICATE_METHOD_MATCH = YES;
				COPY_PHASE_STRIP = NO;
				DEBUG_INFORMATION_FORMAT = "dwarf-with-dsym";
				ENABLE_NS_ASSERTIONS = NO;
				ENABLE_STRICT_OBJC_MSGSEND = YES;
				GCC_C_LANGUAGE_STANDARD = gnu11;
				GCC_NO_COMMON_BLOCKS = YES;
				GCC_WARN_64_TO_32_BIT_CONVERSION = YES;
				GCC_WARN_ABOUT_RETURN_TYPE = YES_ERROR;
				GCC_WARN_UNDECLARED_SELECTOR = YES;
				GCC_WARN_UNINITIALIZED_AUTOS = YES_AGGRESSIVE;
				GCC_WARN_UNUSED_FUNCTION = YES;
				GCC_WARN_UNUSED_VARIABLE = YES;
				IPHONEOS_DEPLOYMENT_TARGET = 14.5;
				MTL_ENABLE_DEBUG_INFO = NO;
				MTL_FAST_MATH = YES;
				SDKROOT = iphoneos;
				SWIFT_COMPILATION_MODE = wholemodule;
				SWIFT_OPTIMIZATION_LEVEL = "-O";
				VALIDATE_PRODUCT = YES;
			};
			name = Release;
		};
		31FF7A8E26B28A7600379C13 /* Debug */ = {
			isa = XCBuildConfiguration;
			buildSettings = {
				ASSETCATALOG_COMPILER_APPICON_NAME = AppIcon;
				ASSETCATALOG_COMPILER_GLOBAL_ACCENT_COLOR_NAME = AccentColor;
				CODE_SIGN_STYLE = Automatic;
				DEVELOPMENT_TEAM = AQHNXZHZ8T;
				INFOPLIST_FILE = GenericSample/Info.plist;
				LD_RUNPATH_SEARCH_PATHS = (
					"$(inherited)",
					"@executable_path/Frameworks",
				);
				PRODUCT_BUNDLE_IDENTIFIER = co.tpcreative.GenericSample;
				PRODUCT_NAME = "$(TARGET_NAME)";
				SWIFT_VERSION = 5.0;
				TARGETED_DEVICE_FAMILY = "1,2";
			};
			name = Debug;
		};
		31FF7A8F26B28A7600379C13 /* Release */ = {
			isa = XCBuildConfiguration;
			buildSettings = {
				ASSETCATALOG_COMPILER_APPICON_NAME = AppIcon;
				ASSETCATALOG_COMPILER_GLOBAL_ACCENT_COLOR_NAME = AccentColor;
				CODE_SIGN_STYLE = Automatic;
				DEVELOPMENT_TEAM = AQHNXZHZ8T;
				INFOPLIST_FILE = GenericSample/Info.plist;
				LD_RUNPATH_SEARCH_PATHS = (
					"$(inherited)",
					"@executable_path/Frameworks",
				);
				PRODUCT_BUNDLE_IDENTIFIER = co.tpcreative.GenericSample;
				PRODUCT_NAME = "$(TARGET_NAME)";
				SWIFT_VERSION = 5.0;
				TARGETED_DEVICE_FAMILY = "1,2";
			};
			name = Release;
		};
		31FF7A9126B28A7600379C13 /* Debug */ = {
			isa = XCBuildConfiguration;
			buildSettings = {
				ALWAYS_EMBED_SWIFT_STANDARD_LIBRARIES = YES;
				BUNDLE_LOADER = "$(TEST_HOST)";
				CODE_SIGN_STYLE = Automatic;
				DEVELOPMENT_TEAM = AQHNXZHZ8T;
				INFOPLIST_FILE = GenericSampleTests/Info.plist;
				IPHONEOS_DEPLOYMENT_TARGET = 14.5;
				LD_RUNPATH_SEARCH_PATHS = (
					"$(inherited)",
					"@executable_path/Frameworks",
					"@loader_path/Frameworks",
				);
				PRODUCT_BUNDLE_IDENTIFIER = co.tpcreative.GenericSampleTests;
				PRODUCT_NAME = "$(TARGET_NAME)";
				SWIFT_VERSION = 5.0;
				TARGETED_DEVICE_FAMILY = "1,2";
				TEST_HOST = "$(BUILT_PRODUCTS_DIR)/GenericSample.app/GenericSample";
			};
			name = Debug;
		};
		31FF7A9226B28A7600379C13 /* Release */ = {
			isa = XCBuildConfiguration;
			buildSettings = {
				ALWAYS_EMBED_SWIFT_STANDARD_LIBRARIES = YES;
				BUNDLE_LOADER = "$(TEST_HOST)";
				CODE_SIGN_STYLE = Automatic;
				DEVELOPMENT_TEAM = AQHNXZHZ8T;
				INFOPLIST_FILE = GenericSampleTests/Info.plist;
				IPHONEOS_DEPLOYMENT_TARGET = 14.5;
				LD_RUNPATH_SEARCH_PATHS = (
					"$(inherited)",
					"@executable_path/Frameworks",
					"@loader_path/Frameworks",
				);
				PRODUCT_BUNDLE_IDENTIFIER = co.tpcreative.GenericSampleTests;
				PRODUCT_NAME = "$(TARGET_NAME)";
				SWIFT_VERSION = 5.0;
				TARGETED_DEVICE_FAMILY = "1,2";
				TEST_HOST = "$(BUILT_PRODUCTS_DIR)/GenericSample.app/GenericSample";
			};
			name = Release;
		};
		31FF7A9426B28A7600379C13 /* Debug */ = {
			isa = XCBuildConfiguration;
			buildSettings = {
				ALWAYS_EMBED_SWIFT_STANDARD_LIBRARIES = YES;
				CODE_SIGN_STYLE = Automatic;
				DEVELOPMENT_TEAM = AQHNXZHZ8T;
				INFOPLIST_FILE = GenericSampleUITests/Info.plist;
				LD_RUNPATH_SEARCH_PATHS = (
					"$(inherited)",
					"@executable_path/Frameworks",
					"@loader_path/Frameworks",
				);
				PRODUCT_BUNDLE_IDENTIFIER = co.tpcreative.GenericSampleUITests;
				PRODUCT_NAME = "$(TARGET_NAME)";
				SWIFT_VERSION = 5.0;
				TARGETED_DEVICE_FAMILY = "1,2";
				TEST_TARGET_NAME = GenericSample;
			};
			name = Debug;
		};
		31FF7A9526B28A7600379C13 /* Release */ = {
			isa = XCBuildConfiguration;
			buildSettings = {
				ALWAYS_EMBED_SWIFT_STANDARD_LIBRARIES = YES;
				CODE_SIGN_STYLE = Automatic;
				DEVELOPMENT_TEAM = AQHNXZHZ8T;
				INFOPLIST_FILE = GenericSampleUITests/Info.plist;
				LD_RUNPATH_SEARCH_PATHS = (
					"$(inherited)",
					"@executable_path/Frameworks",
					"@loader_path/Frameworks",
				);
				PRODUCT_BUNDLE_IDENTIFIER = co.tpcreative.GenericSampleUITests;
				PRODUCT_NAME = "$(TARGET_NAME)";
				SWIFT_VERSION = 5.0;
				TARGETED_DEVICE_FAMILY = "1,2";
				TEST_TARGET_NAME = GenericSample;
			};
			name = Release;
		};
/* End XCBuildConfiguration section */

/* Begin XCConfigurationList section */
		31FF7A5E26B28A7500379C13 /* Build configuration list for PBXProject "GenericSample" */ = {
			isa = XCConfigurationList;
			buildConfigurations = (
				31FF7A8B26B28A7600379C13 /* Debug */,
				31FF7A8C26B28A7600379C13 /* Release */,
			);
			defaultConfigurationIsVisible = 0;
			defaultConfigurationName = Release;
		};
		31FF7A8D26B28A7600379C13 /* Build configuration list for PBXNativeTarget "GenericSample" */ = {
			isa = XCConfigurationList;
			buildConfigurations = (
				31FF7A8E26B28A7600379C13 /* Debug */,
				31FF7A8F26B28A7600379C13 /* Release */,
			);
			defaultConfigurationIsVisible = 0;
			defaultConfigurationName = Release;
		};
		31FF7A9026B28A7600379C13 /* Build configuration list for PBXNativeTarget "GenericSampleTests" */ = {
			isa = XCConfigurationList;
			buildConfigurations = (
				31FF7A9126B28A7600379C13 /* Debug */,
				31FF7A9226B28A7600379C13 /* Release */,
			);
			defaultConfigurationIsVisible = 0;
			defaultConfigurationName = Release;
		};
		31FF7A9326B28A7600379C13 /* Build configuration list for PBXNativeTarget "GenericSampleUITests" */ = {
			isa = XCConfigurationList;
			buildConfigurations = (
				31FF7A9426B28A7600379C13 /* Debug */,
				31FF7A9526B28A7600379C13 /* Release */,
			);
			defaultConfigurationIsVisible = 0;
			defaultConfigurationName = Release;
		};
/* End XCConfigurationList section */
	};
	rootObject = 31FF7A5B26B28A7500379C13 /* Project object */;
}
